
Microsoft Visual Studio Solution File, Format Version 12.00
# Visual Studio Version 17
VisualStudioVersion = 17.8.34322.80
MinimumVisualStudioVersion = 10.0.40219.1
Project("{9A19103F-16F7-4668-BE54-9A1E7A4F7556}") = "SigmaCandidate.API", "SigmaCandidate.API\SigmaCandidate.API.csproj", "{E59456CC-FB63-4566-AF45-6B517215BAFD}"
EndProject
Project("{9A19103F-16F7-4668-BE54-9A1E7A4F7556}") = "SigmaCandidate.Infrastructure", "SigmaCandidate.Infrastructure\SigmaCandidate.Infrastructure.csproj", "{6CD1345B-F582-4BF5-B87B-76782B786B83}"
EndProject
Project("{9A19103F-16F7-4668-BE54-9A1E7A4F7556}") = "SigmaCandidate.Core", "SigmaCandidate.Core\SigmaCandidate.Core.csproj", "{62593F5A-4E16-47EA-B419-C1B6A32F4579}"
EndProject
Global
	GlobalSection(SolutionConfigurationPlatforms) = preSolution
		Debug|Any CPU = Debug|Any CPU
		Release|Any CPU = Release|Any CPU
	EndGlobalSection
	GlobalSection(ProjectConfigurationPlatforms) = postSolution
		{E59456CC-FB63-4566-AF45-6B517215BAFD}.Debug|Any CPU.ActiveCfg = Debug|Any CPU
		{E59456CC-FB63-4566-AF45-6B517215BAFD}.Debug|Any CPU.Build.0 = Debug|Any CPU
		{E59456CC-FB63-4566-AF45-6B517215BAFD}.Release|Any CPU.ActiveCfg = Release|Any CPU
		{E59456CC-FB63-4566-AF45-6B517215BAFD}.Release|Any CPU.Build.0 = Release|Any CPU
		{6CD1345B-F582-4BF5-B87B-76782B786B83}.Debug|Any CPU.ActiveCfg = Debug|Any CPU
		{6CD1345B-F582-4BF5-B87B-76782B786B83}.Debug|Any CPU.Build.0 = Debug|Any CPU
		{6CD1345B-F582-4BF5-B87B-76782B786B83}.Release|Any CPU.ActiveCfg = Release|Any CPU
		{6CD1345B-F582-4BF5-B87B-76782B786B83}.Release|Any CPU.Build.0 = Release|Any CPU
		{62593F5A-4E16-47EA-B419-C1B6A32F4579}.Debug|Any CPU.ActiveCfg = Debug|Any CPU
		{62593F5A-4E16-47EA-B419-C1B6A32F4579}.Debug|Any CPU.Build.0 = Debug|Any CPU
		{62593F5A-4E16-47EA-B419-C1B6A32F4579}.Release|Any CPU.ActiveCfg = Release|Any CPU
		{62593F5A-4E16-47EA-B419-C1B6A32F4579}.Release|Any CPU.Build.0 = Release|Any CPU
	EndGlobalSection
	GlobalSection(SolutionProperties) = preSolution
		HideSolutionNode = FALSE
	EndGlobalSection
	GlobalSection(ExtensibilityGlobals) = postSolution
		SolutionGuid = {EE0769B7-DAE7-4F9E-A3E1-FBF24EF164CB}
	EndGlobalSection
EndGlobal
